// !$*UTF8*$!
{
	archiveVersion = 1;
	classes = {
	};
	objectVersion = 55;
	objects = {

/* Begin PBXBuildFile section */
		B217A38A28AE7A3C008CC549 /* Note.swift in Sources */ = {isa = PBXBuildFile; fileRef = B217A38928AE7A3C008CC549 /* Note.swift */; };
		B217A38F28AE8DE9008CC549 /* String.swift in Sources */ = {isa = PBXBuildFile; fileRef = B217A38E28AE8DE9008CC549 /* String.swift */; };
		B217A3B128AFC6C3008CC549 /* NoteListView.swift in Sources */ = {isa = PBXBuildFile; fileRef = B217A3B028AFC6C3008CC549 /* NoteListView.swift */; };
		B2655CC428B0DD2E00C6727E /* NoteListViewModel.swift in Sources */ = {isa = PBXBuildFile; fileRef = B2655CC328B0DD2E00C6727E /* NoteListViewModel.swift */; };
		B2655CD928B0F91000C6727E /* LoadIndicatorView.swift in Sources */ = {isa = PBXBuildFile; fileRef = B2655CD828B0F91000C6727E /* LoadIndicatorView.swift */; };
		B29606B228AE710600E09F3B /* AppDelegate.swift in Sources */ = {isa = PBXBuildFile; fileRef = B29606B128AE710600E09F3B /* AppDelegate.swift */; };
		B29606B428AE710600E09F3B /* SceneDelegate.swift in Sources */ = {isa = PBXBuildFile; fileRef = B29606B328AE710600E09F3B /* SceneDelegate.swift */; };
		B29606B628AE710600E09F3B /* NoteListViewController.swift in Sources */ = {isa = PBXBuildFile; fileRef = B29606B528AE710600E09F3B /* NoteListViewController.swift */; };
		B29606BC28AE710600E09F3B /* Notes.xcdatamodeld in Sources */ = {isa = PBXBuildFile; fileRef = B29606BA28AE710600E09F3B /* Notes.xcdatamodeld */; };
		B29606BE28AE710700E09F3B /* Assets.xcassets in Resources */ = {isa = PBXBuildFile; fileRef = B29606BD28AE710700E09F3B /* Assets.xcassets */; };
		B29606C128AE710700E09F3B /* LaunchScreen.storyboard in Resources */ = {isa = PBXBuildFile; fileRef = B29606BF28AE710700E09F3B /* LaunchScreen.storyboard */; };
/* End PBXBuildFile section */

/* Begin PBXFileReference section */
		B217A38928AE7A3C008CC549 /* Note.swift */ = {isa = PBXFileReference; lastKnownFileType = sourcecode.swift; path = Note.swift; sourceTree = "<group>"; };
		B217A38E28AE8DE9008CC549 /* String.swift */ = {isa = PBXFileReference; lastKnownFileType = sourcecode.swift; path = String.swift; sourceTree = "<group>"; };
		B217A3B028AFC6C3008CC549 /* NoteListView.swift */ = {isa = PBXFileReference; lastKnownFileType = sourcecode.swift; path = NoteListView.swift; sourceTree = "<group>"; };
		B2655CC328B0DD2E00C6727E /* NoteListViewModel.swift */ = {isa = PBXFileReference; lastKnownFileType = sourcecode.swift; path = NoteListViewModel.swift; sourceTree = "<group>"; };
		B2655CD828B0F91000C6727E /* LoadIndicatorView.swift */ = {isa = PBXFileReference; lastKnownFileType = sourcecode.swift; path = LoadIndicatorView.swift; sourceTree = "<group>"; };
		B29606AE28AE710600E09F3B /* Notes.app */ = {isa = PBXFileReference; explicitFileType = wrapper.application; includeInIndex = 0; path = Notes.app; sourceTree = BUILT_PRODUCTS_DIR; };
		B29606B128AE710600E09F3B /* AppDelegate.swift */ = {isa = PBXFileReference; lastKnownFileType = sourcecode.swift; path = AppDelegate.swift; sourceTree = "<group>"; };
		B29606B328AE710600E09F3B /* SceneDelegate.swift */ = {isa = PBXFileReference; lastKnownFileType = sourcecode.swift; path = SceneDelegate.swift; sourceTree = "<group>"; };
		B29606B528AE710600E09F3B /* NoteListViewController.swift */ = {isa = PBXFileReference; lastKnownFileType = sourcecode.swift; path = NoteListViewController.swift; sourceTree = "<group>"; };
		B29606BB28AE710600E09F3B /* Notes.xcdatamodel */ = {isa = PBXFileReference; lastKnownFileType = wrapper.xcdatamodel; path = Notes.xcdatamodel; sourceTree = "<group>"; };
		B29606BD28AE710700E09F3B /* Assets.xcassets */ = {isa = PBXFileReference; lastKnownFileType = folder.assetcatalog; path = Assets.xcassets; sourceTree = "<group>"; };
		B29606C028AE710700E09F3B /* Base */ = {isa = PBXFileReference; lastKnownFileType = file.storyboard; name = Base; path = Base.lproj/LaunchScreen.storyboard; sourceTree = "<group>"; };
		B29606C228AE710700E09F3B /* Info.plist */ = {isa = PBXFileReference; lastKnownFileType = text.plist.xml; path = Info.plist; sourceTree = "<group>"; };
/* End PBXFileReference section */

/* Begin PBXFrameworksBuildPhase section */
		B29606AB28AE710600E09F3B /* Frameworks */ = {
			isa = PBXFrameworksBuildPhase;
			buildActionMask = 2147483647;
			files = (
			);
			runOnlyForDeploymentPostprocessing = 0;
		};
/* End PBXFrameworksBuildPhase section */

/* Begin PBXGroup section */
		B217A38328AE753A008CC549 /* Screens */ = {
			isa = PBXGroup;
			children = (
				B2655CDA28B6603A00C6727E /* Note */,
				B217A38428AE7549008CC549 /* Note List */,
			);
			path = Screens;
			sourceTree = "<group>";
		};
		B217A38428AE7549008CC549 /* Note List */ = {
			isa = PBXGroup;
			children = (
				B217A38628AE793D008CC549 /* ViewModels */,
				B217A38528AE7919008CC549 /* Views */,
			);
			path = "Note List";
			sourceTree = "<group>";
		};
		B217A38528AE7919008CC549 /* Views */ = {
			isa = PBXGroup;
			children = (
				B217A3B028AFC6C3008CC549 /* NoteListView.swift */,
				B29606B528AE710600E09F3B /* NoteListViewController.swift */,
			);
			path = Views;
			sourceTree = "<group>";
		};
		B217A38628AE793D008CC549 /* ViewModels */ = {
			isa = PBXGroup;
			children = (
				B2655CC328B0DD2E00C6727E /* NoteListViewModel.swift */,
			);
			path = ViewModels;
			sourceTree = "<group>";
		};
		B217A38728AE7A24008CC549 /* Domain */ = {
			isa = PBXGroup;
			children = (
				B217A38828AE7A2E008CC549 /* Models */,
			);
			path = Domain;
			sourceTree = "<group>";
		};
		B217A38828AE7A2E008CC549 /* Models */ = {
			isa = PBXGroup;
			children = (
				B217A38928AE7A3C008CC549 /* Note.swift */,
			);
			path = Models;
			sourceTree = "<group>";
		};
		B217A38C28AE8DB3008CC549 /* Utilities */ = {
			isa = PBXGroup;
			children = (
				B217A38E28AE8DE9008CC549 /* String.swift */,
			);
			path = Utilities;
			sourceTree = "<group>";
		};
		B2655CD628B0F8B500C6727E /* Common */ = {
			isa = PBXGroup;
			children = (
				B2655CD728B0F8C600C6727E /* Views */,
			);
			path = Common;
			sourceTree = "<group>";
		};
		B2655CD728B0F8C600C6727E /* Views */ = {
			isa = PBXGroup;
			children = (
				B2655CD828B0F91000C6727E /* LoadIndicatorView.swift */,
			);
			path = Views;
			sourceTree = "<group>";
		};
		B29606A528AE710600E09F3B = {
			isa = PBXGroup;
			children = (
				B29606B028AE710600E09F3B /* Notes */,
				B29606AF28AE710600E09F3B /* Products */,
			);
			sourceTree = "<group>";
		};
		B29606AF28AE710600E09F3B /* Products */ = {
			isa = PBXGroup;
			children = (
				B29606AE28AE710600E09F3B /* Notes.app */,
			);
			name = Products;
			sourceTree = "<group>";
		};
		B29606B028AE710600E09F3B /* Notes */ = {
			isa = PBXGroup;
			children = (
				B29606C828AE711900E09F3B /* Application */,
				B217A38728AE7A24008CC549 /* Domain */,
				B29606C928AE712400E09F3B /* Presentation */,
				B29606CA28AE714A00E09F3B /* Resources */,
				B217A38C28AE8DB3008CC549 /* Utilities */,
			);
			path = Notes;
			sourceTree = "<group>";
		};
		B29606C828AE711900E09F3B /* Application */ = {
			isa = PBXGroup;
			children = (
				B29606B128AE710600E09F3B /* AppDelegate.swift */,
				B29606B328AE710600E09F3B /* SceneDelegate.swift */,
			);
			path = Application;
			sourceTree = "<group>";
		};
		B29606C928AE712400E09F3B /* Presentation */ = {
			isa = PBXGroup;
			children = (
				B2655CD628B0F8B500C6727E /* Common */,
				B217A38328AE753A008CC549 /* Screens */,
			);
			path = Presentation;
			sourceTree = "<group>";
		};
		B29606CA28AE714A00E09F3B /* Resources */ = {
			isa = PBXGroup;
			children = (
				B29606BD28AE710700E09F3B /* Assets.xcassets */,
				B29606C228AE710700E09F3B /* Info.plist */,
				B29606BF28AE710700E09F3B /* LaunchScreen.storyboard */,
				B29606BA28AE710600E09F3B /* Notes.xcdatamodeld */,
			);
			path = Resources;
			sourceTree = "<group>";
		};
/* End PBXGroup section */

/* Begin PBXNativeTarget section */
		B29606AD28AE710600E09F3B /* Notes */ = {
			isa = PBXNativeTarget;
			buildConfigurationList = B29606C528AE710700E09F3B /* Build configuration list for PBXNativeTarget "Notes" */;
			buildPhases = (
				B29606AA28AE710600E09F3B /* Sources */,
				B29606AB28AE710600E09F3B /* Frameworks */,
				B29606AC28AE710600E09F3B /* Resources */,
			);
			buildRules = (
			);
			dependencies = (
			);
			name = Notes;
			productName = Notes;
			productReference = B29606AE28AE710600E09F3B /* Notes.app */;
			productType = "com.apple.product-type.application";
		};
/* End PBXNativeTarget section */

/* Begin PBXProject section */
		B29606A628AE710600E09F3B /* Project object */ = {
			isa = PBXProject;
			attributes = {
				BuildIndependentTargetsInParallel = 1;
				LastSwiftUpdateCheck = 1340;
				LastUpgradeCheck = 1340;
				TargetAttributes = {
					B29606AD28AE710600E09F3B = {
						CreatedOnToolsVersion = 13.4.1;
					};
				};
			};
			buildConfigurationList = B29606A928AE710600E09F3B /* Build configuration list for PBXProject "Notes" */;
			compatibilityVersion = "Xcode 13.0";
			developmentRegion = en;
			hasScannedForEncodings = 0;
			knownRegions = (
				en,
				Base,
			);
			mainGroup = B29606A528AE710600E09F3B;
			productRefGroup = B29606AF28AE710600E09F3B /* Products */;
			projectDirPath = "";
			projectRoot = "";
			targets = (
				B29606AD28AE710600E09F3B /* Notes */,
			);
		};
/* End PBXProject section */

/* Begin PBXResourcesBuildPhase section */
		B29606AC28AE710600E09F3B /* Resources */ = {
			isa = PBXResourcesBuildPhase;
			buildActionMask = 2147483647;
			files = (
				B29606C128AE710700E09F3B /* LaunchScreen.storyboard in Resources */,
				B29606BE28AE710700E09F3B /* Assets.xcassets in Resources */,
			);
			runOnlyForDeploymentPostprocessing = 0;
		};
/* End PBXResourcesBuildPhase section */

/* Begin PBXSourcesBuildPhase section */
		B29606AA28AE710600E09F3B /* Sources */ = {
			isa = PBXSourcesBuildPhase;
			buildActionMask = 2147483647;
			files = (
				B217A38F28AE8DE9008CC549 /* String.swift in Sources */,
				B2655CD928B0F91000C6727E /* LoadIndicatorView.swift in Sources */,
				B217A38A28AE7A3C008CC549 /* Note.swift in Sources */,
				B29606B628AE710600E09F3B /* NoteListViewController.swift in Sources */,
				B2655CC428B0DD2E00C6727E /* NoteListViewModel.swift in Sources */,
				B29606B228AE710600E09F3B /* AppDelegate.swift in Sources */,
				B217A3B128AFC6C3008CC549 /* NoteListView.swift in Sources */,
				B29606B428AE710600E09F3B /* SceneDelegate.swift in Sources */,
				B29606BC28AE710600E09F3B /* Notes.xcdatamodeld in Sources */,
			);
			runOnlyForDeploymentPostprocessing = 0;
		};
/* End PBXSourcesBuildPhase section */

/* Begin PBXVariantGroup section */
		B29606BF28AE710700E09F3B /* LaunchScreen.storyboard */ = {
			isa = PBXVariantGroup;
			children = (
				B29606C028AE710700E09F3B /* Base */,
			);
			name = LaunchScreen.storyboard;
			sourceTree = "<group>";
		};
/* End PBXVariantGroup section */

/* Begin XCBuildConfiguration section */
		B29606C328AE710700E09F3B /* Debug */ = {
			isa = XCBuildConfiguration;
			buildSettings = {
				ALWAYS_SEARCH_USER_PATHS = NO;
				CLANG_ANALYZER_NONNULL = YES;
				CLANG_ANALYZER_NUMBER_OBJECT_CONVERSION = YES_AGGRESSIVE;
				CLANG_CXX_LANGUAGE_STANDARD = "gnu++17";
				CLANG_ENABLE_MODULES = YES;
				CLANG_ENABLE_OBJC_ARC = YES;
				CLANG_ENABLE_OBJC_WEAK = YES;
				CLANG_WARN_BLOCK_CAPTURE_AUTORELEASING = YES;
				CLANG_WARN_BOOL_CONVERSION = YES;
				CLANG_WARN_COMMA = YES;
				CLANG_WARN_CONSTANT_CONVERSION = YES;
				CLANG_WARN_DEPRECATED_OBJC_IMPLEMENTATIONS = YES;
				CLANG_WARN_DIRECT_OBJC_ISA_USAGE = YES_ERROR;
				CLANG_WARN_DOCUMENTATION_COMMENTS = YES;
				CLANG_WARN_EMPTY_BODY = YES;
				CLANG_WARN_ENUM_CONVERSION = YES;
				CLANG_WARN_INFINITE_RECURSION = YES;
				CLANG_WARN_INT_CONVERSION = YES;
				CLANG_WARN_NON_LITERAL_NULL_CONVERSION = YES;
				CLANG_WARN_OBJC_IMPLICIT_RETAIN_SELF = YES;
				CLANG_WARN_OBJC_LITERAL_CONVERSION = YES;
				CLANG_WARN_OBJC_ROOT_CLASS = YES_ERROR;
				CLANG_WARN_QUOTED_INCLUDE_IN_FRAMEWORK_HEADER = YES;
				CLANG_WARN_RANGE_LOOP_ANALYSIS = YES;
				CLANG_WARN_STRICT_PROTOTYPES = YES;
				CLANG_WARN_SUSPICIOUS_MOVE = YES;
				CLANG_WARN_UNGUARDED_AVAILABILITY = YES_AGGRESSIVE;
				CLANG_WARN_UNREACHABLE_CODE = YES;
				CLANG_WARN__DUPLICATE_METHOD_MATCH = YES;
				COPY_PHASE_STRIP = NO;
				DEBUG_INFORMATION_FORMAT = dwarf;
				ENABLE_STRICT_OBJC_MSGSEND = YES;
				ENABLE_TESTABILITY = YES;
				GCC_C_LANGUAGE_STANDARD = gnu11;
				GCC_DYNAMIC_NO_PIC = NO;
				GCC_NO_COMMON_BLOCKS = YES;
				GCC_OPTIMIZATION_LEVEL = 0;
				GCC_PREPROCESSOR_DEFINITIONS = (
					"DEBUG=1",
					"$(inherited)",
				);
				GCC_WARN_64_TO_32_BIT_CONVERSION = YES;
				GCC_WARN_ABOUT_RETURN_TYPE = YES_ERROR;
				GCC_WARN_UNDECLARED_SELECTOR = YES;
				GCC_WARN_UNINITIALIZED_AUTOS = YES_AGGRESSIVE;
				GCC_WARN_UNUSED_FUNCTION = YES;
				GCC_WARN_UNUSED_VARIABLE = YES;
				IPHONEOS_DEPLOYMENT_TARGET = 15.0;
				MTL_ENABLE_DEBUG_INFO = INCLUDE_SOURCE;
				MTL_FAST_MATH = YES;
				ONLY_ACTIVE_ARCH = YES;
				SDKROOT = iphoneos;
				SWIFT_ACTIVE_COMPILATION_CONDITIONS = DEBUG;
				SWIFT_OPTIMIZATION_LEVEL = "-Onone";
			};
			name = Debug;
		};
		B29606C428AE710700E09F3B /* Release */ = {
			isa = XCBuildConfiguration;
			buildSettings = {
				ALWAYS_SEARCH_USER_PATHS = NO;
				CLANG_ANALYZER_NONNULL = YES;
				CLANG_ANALYZER_NUMBER_OBJECT_CONVERSION = YES_AGGRESSIVE;
				CLANG_CXX_LANGUAGE_STANDARD = "gnu++17";
				CLANG_ENABLE_MODULES = YES;
				CLANG_ENABLE_OBJC_ARC = YES;
				CLANG_ENABLE_OBJC_WEAK = YES;
				CLANG_WARN_BLOCK_CAPTURE_AUTORELEASING = YES;
				CLANG_WARN_BOOL_CONVERSION = YES;
				CLANG_WARN_COMMA = YES;
				CLANG_WARN_CONSTANT_CONVERSION = YES;
				CLANG_WARN_DEPRECATED_OBJC_IMPLEMENTATIONS = YES;
				CLANG_WARN_DIRECT_OBJC_ISA_USAGE = YES_ERROR;
				CLANG_WARN_DOCUMENTATION_COMMENTS = YES;
				CLANG_WARN_EMPTY_BODY = YES;
				CLANG_WARN_ENUM_CONVERSION = YES;
				CLANG_WARN_INFINITE_RECURSION = YES;
				CLANG_WARN_INT_CONVERSION = YES;
				CLANG_WARN_NON_LITERAL_NULL_CONVERSION = YES;
				CLANG_WARN_OBJC_IMPLICIT_RETAIN_SELF = YES;
				CLANG_WARN_OBJC_LITERAL_CONVERSION = YES;
				CLANG_WARN_OBJC_ROOT_CLASS = YES_ERROR;
				CLANG_WARN_QUOTED_INCLUDE_IN_FRAMEWORK_HEADER = YES;
				CLANG_WARN_RANGE_LOOP_ANALYSIS = YES;
				CLANG_WARN_STRICT_PROTOTYPES = YES;
				CLANG_WARN_SUSPICIOUS_MOVE = YES;
				CLANG_WARN_UNGUARDED_AVAILABILITY = YES_AGGRESSIVE;
				CLANG_WARN_UNREACHABLE_CODE = YES;
				CLANG_WARN__DUPLICATE_METHOD_MATCH = YES;
				COPY_PHASE_STRIP = NO;
				DEBUG_INFORMATION_FORMAT = "dwarf-with-dsym";
				ENABLE_NS_ASSERTIONS = NO;
				ENABLE_STRICT_OBJC_MSGSEND = YES;
				GCC_C_LANGUAGE_STANDARD = gnu11;
				GCC_NO_COMMON_BLOCKS = YES;
				GCC_WARN_64_TO_32_BIT_CONVERSION = YES;
				GCC_WARN_ABOUT_RETURN_TYPE = YES_ERROR;
				GCC_WARN_UNDECLARED_SELECTOR = YES;
				GCC_WARN_UNINITIALIZED_AUTOS = YES_AGGRESSIVE;
				GCC_WARN_UNUSED_FUNCTION = YES;
				GCC_WARN_UNUSED_VARIABLE = YES;
				IPHONEOS_DEPLOYMENT_TARGET = 15.0;
				MTL_ENABLE_DEBUG_INFO = NO;
				MTL_FAST_MATH = YES;
				SDKROOT = iphoneos;
				SWIFT_COMPILATION_MODE = wholemodule;
				SWIFT_OPTIMIZATION_LEVEL = "-O";
				VALIDATE_PRODUCT = YES;
			};
			name = Release;
		};
		B29606C628AE710700E09F3B /* Debug */ = {
			isa = XCBuildConfiguration;
			buildSettings = {
				ASSETCATALOG_COMPILER_APPICON_NAME = AppIcon;
				ASSETCATALOG_COMPILER_GLOBAL_ACCENT_COLOR_NAME = AccentColor;
				CODE_SIGN_STYLE = Automatic;
				CURRENT_PROJECT_VERSION = 1;
				DEVELOPMENT_TEAM = 2SKP9LNS67;
				GENERATE_INFOPLIST_FILE = YES;
				INFOPLIST_FILE = Notes/Resources/Info.plist;
				INFOPLIST_KEY_UIApplicationSupportsIndirectInputEvents = YES;
				INFOPLIST_KEY_UILaunchStoryboardName = LaunchScreen;
				INFOPLIST_KEY_UISupportedInterfaceOrientations_iPad = "UIInterfaceOrientationPortrait UIInterfaceOrientationPortraitUpsideDown UIInterfaceOrientationLandscapeLeft UIInterfaceOrientationLandscapeRight";
				INFOPLIST_KEY_UISupportedInterfaceOrientations_iPhone = "UIInterfaceOrientationPortrait UIInterfaceOrientationLandscapeLeft UIInterfaceOrientationLandscapeRight";
				LD_RUNPATH_SEARCH_PATHS = (
					"$(inherited)",
					"@executable_path/Frameworks",
				);
				MARKETING_VERSION = 1.0;
				PRODUCT_BUNDLE_IDENTIFIER = danylosafronov.Notes;
				PRODUCT_NAME = "$(TARGET_NAME)";
				SWIFT_EMIT_LOC_STRINGS = YES;
				SWIFT_VERSION = 5.0;
				TARGETED_DEVICE_FAMILY = 1;
			};
			name = Debug;
		};
		B29606C728AE710700E09F3B /* Release */ = {
			isa = XCBuildConfiguration;
			buildSettings = {
				ASSETCATALOG_COMPILER_APPICON_NAME = AppIcon;
				ASSETCATALOG_COMPILER_GLOBAL_ACCENT_COLOR_NAME = AccentColor;
				CODE_SIGN_STYLE = Automatic;
				CURRENT_PROJECT_VERSION = 1;
				DEVELOPMENT_TEAM = 2SKP9LNS67;
				GENERATE_INFOPLIST_FILE = YES;
				INFOPLIST_FILE = Notes/Resources/Info.plist;
				INFOPLIST_KEY_UIApplicationSupportsIndirectInputEvents = YES;
				INFOPLIST_KEY_UILaunchStoryboardName = LaunchScreen;
				INFOPLIST_KEY_UISupportedInterfaceOrientations_iPad = "UIInterfaceOrientationPortrait UIInterfaceOrientationPortraitUpsideDown UIInterfaceOrientationLandscapeLeft UIInterfaceOrientationLandscapeRight";
				INFOPLIST_KEY_UISupportedInterfaceOrientations_iPhone = "UIInterfaceOrientationPortrait UIInterfaceOrientationLandscapeLeft UIInterfaceOrientationLandscapeRight";
				LD_RUNPATH_SEARCH_PATHS = (
					"$(inherited)",
					"@executable_path/Frameworks",
				);
				MARKETING_VERSION = 1.0;
				PRODUCT_BUNDLE_IDENTIFIER = danylosafronov.Notes;
				PRODUCT_NAME = "$(TARGET_NAME)";
				SWIFT_EMIT_LOC_STRINGS = YES;
				SWIFT_VERSION = 5.0;
				TARGETED_DEVICE_FAMILY = 1;
			};
			name = Release;
		};
/* End XCBuildConfiguration section */

/* Begin XCConfigurationList section */
		B29606A928AE710600E09F3B /* Build configuration list for PBXProject "Notes" */ = {
			isa = XCConfigurationList;
			buildConfigurations = (
				B29606C328AE710700E09F3B /* Debug */,
				B29606C428AE710700E09F3B /* Release */,
			);
			defaultConfigurationIsVisible = 0;
			defaultConfigurationName = Release;
		};
		B29606C528AE710700E09F3B /* Build configuration list for PBXNativeTarget "Notes" */ = {
			isa = XCConfigurationList;
			buildConfigurations = (
				B29606C628AE710700E09F3B /* Debug */,
				B29606C728AE710700E09F3B /* Release */,
			);
			defaultConfigurationIsVisible = 0;
			defaultConfigurationName = Release;
		};
/* End XCConfigurationList section */

/* Begin XCVersionGroup section */
		B29606BA28AE710600E09F3B /* Notes.xcdatamodeld */ = {
			isa = XCVersionGroup;
			children = (
				B29606BB28AE710600E09F3B /* Notes.xcdatamodel */,
			);
			currentVersion = B29606BB28AE710600E09F3B /* Notes.xcdatamodel */;
			path = Notes.xcdatamodeld;
			sourceTree = "<group>";
			versionGroupType = wrapper.xcdatamodel;
		};
/* End XCVersionGroup section */
	};
	rootObject = B29606A628AE710600E09F3B /* Project object */;
}
